{
  "name": "@parasaurolophus/node-red-contrib-openzwave",
  "version": "1.6.6",
  "lockfileVersion": 1,
  "requires": true,
  "dependencies": {
    "@types/node": {
      "version": "13.13.15",
      "resolved": "https://registry.npmjs.org/@types/node/-/node-13.13.15.tgz",
      "integrity": "sha512-kwbcs0jySLxzLsa2nWUAGOd/s21WU1jebrEdtzhsj1D4Yps1EOuyI1Qcu+FD56dL7NRNIJtDDjcqIG22NwkgLw=="
    },
    "getmac": {
      "version": "5.1.0",
      "resolved": "https://registry.npmjs.org/getmac/-/getmac-5.1.0.tgz",
      "integrity": "sha512-hpZnhRQa2O2YbIPO1bX6vv7Zy7DyQXNH6tDpX/yfjhFl0AsAgEZZ1FqQ6e32CE+oKMykjp1yRJ5BQKMNEX5McQ==",
      "requires": {
        "@types/node": "^13.5.1"
      }
    },
    "nan": {
      "version": "2.14.1",
      "resolved": "https://registry.npmjs.org/nan/-/nan-2.14.1.tgz",
      "integrity": "sha512-isWHgVjnFjh2x2yuJ/tj3JbwoHu3UC2dX5G/88Cm24yB6YopVgxvBObDY7n5xW6ExmFhJpSEQqFPvq9zaXc8Jw=="
    },
    "openzwave-shared": {
      "version": "1.6.2",
      "resolved": "https://registry.npmjs.org/openzwave-shared/-/openzwave-shared-1.6.2.tgz",
      "integrity": "sha512-hZSvdMf6ifV/lFJ2sc5Sru7c4BjpfNMqKoLfH/TTyCMJiWDCTLywqFktrIEt23SqLS15KdQdGX4urJqBWQXVKw==",
      "requires": {
        "nan": ">=2.14.0"
      }
    }
  }
}
